// !$*UTF8*$!
{
	archiveVersion = 1;
	classes = {
	};
	objectVersion = 50;
	objects = {

/* Begin PBXBuildFile section */
		E2B9026C252B1C1200800808 /* AppDelegate.swift in Sources */ = {isa = PBXBuildFile; fileRef = E2B9026B252B1C1200800808 /* AppDelegate.swift */; };
		E2B9026E252B1C1200800808 /* SceneDelegate.swift in Sources */ = {isa = PBXBuildFile; fileRef = E2B9026D252B1C1200800808 /* SceneDelegate.swift */; };
		E2B90270252B1C1200800808 /* MainViewController.swift in Sources */ = {isa = PBXBuildFile; fileRef = E2B9026F252B1C1200800808 /* MainViewController.swift */; };
		E2B90275252B1C1300800808 /* Assets.xcassets in Resources */ = {isa = PBXBuildFile; fileRef = E2B90274252B1C1300800808 /* Assets.xcassets */; };
		E2B90278252B1C1300800808 /* LaunchScreen.storyboard in Resources */ = {isa = PBXBuildFile; fileRef = E2B90276252B1C1300800808 /* LaunchScreen.storyboard */; };
		E2B90284252B1EBD00800808 /* Poke.swift in Sources */ = {isa = PBXBuildFile; fileRef = E2B90283252B1EBD00800808 /* Poke.swift */; };
		E2B90293252B34A200800808 /* help.swift in Sources */ = {isa = PBXBuildFile; fileRef = E2B90292252B34A200800808 /* help.swift */; };
		E2B90297252B35F000800808 /* NetworkManager.swift in Sources */ = {isa = PBXBuildFile; fileRef = E2B90296252B35F000800808 /* NetworkManager.swift */; };
		E2B9029A252B363200800808 /* NetworkError.swift in Sources */ = {isa = PBXBuildFile; fileRef = E2B90299252B363200800808 /* NetworkError.swift */; };
		E2B9029E252B372A00800808 /* PokeTableViewCell.swift in Sources */ = {isa = PBXBuildFile; fileRef = E2B9029D252B372A00800808 /* PokeTableViewCell.swift */; };
/* End PBXBuildFile section */

/* Begin PBXFileReference section */
		E2B90268252B1C1200800808 /* Pokemon.app */ = {isa = PBXFileReference; explicitFileType = wrapper.application; includeInIndex = 0; path = Pokemon.app; sourceTree = BUILT_PRODUCTS_DIR; };
		E2B9026B252B1C1200800808 /* AppDelegate.swift */ = {isa = PBXFileReference; lastKnownFileType = sourcecode.swift; path = AppDelegate.swift; sourceTree = "<group>"; };
		E2B9026D252B1C1200800808 /* SceneDelegate.swift */ = {isa = PBXFileReference; lastKnownFileType = sourcecode.swift; path = SceneDelegate.swift; sourceTree = "<group>"; };
		E2B9026F252B1C1200800808 /* MainViewController.swift */ = {isa = PBXFileReference; lastKnownFileType = sourcecode.swift; path = MainViewController.swift; sourceTree = "<group>"; };
		E2B90274252B1C1300800808 /* Assets.xcassets */ = {isa = PBXFileReference; lastKnownFileType = folder.assetcatalog; path = Assets.xcassets; sourceTree = "<group>"; };
		E2B90277252B1C1300800808 /* Base */ = {isa = PBXFileReference; lastKnownFileType = file.storyboard; name = Base; path = Base.lproj/LaunchScreen.storyboard; sourceTree = "<group>"; };
		E2B90279252B1C1300800808 /* Info.plist */ = {isa = PBXFileReference; lastKnownFileType = text.plist.xml; path = Info.plist; sourceTree = "<group>"; };
		E2B90283252B1EBD00800808 /* Poke.swift */ = {isa = PBXFileReference; lastKnownFileType = sourcecode.swift; path = Poke.swift; sourceTree = "<group>"; };
		E2B90292252B34A200800808 /* help.swift */ = {isa = PBXFileReference; lastKnownFileType = sourcecode.swift; path = help.swift; sourceTree = "<group>"; };
		E2B90296252B35F000800808 /* NetworkManager.swift */ = {isa = PBXFileReference; lastKnownFileType = sourcecode.swift; path = NetworkManager.swift; sourceTree = "<group>"; };
		E2B90299252B363200800808 /* NetworkError.swift */ = {isa = PBXFileReference; lastKnownFileType = sourcecode.swift; path = NetworkError.swift; sourceTree = "<group>"; };
		E2B9029D252B372A00800808 /* PokeTableViewCell.swift */ = {isa = PBXFileReference; lastKnownFileType = sourcecode.swift; path = PokeTableViewCell.swift; sourceTree = "<group>"; };
/* End PBXFileReference section */

/* Begin PBXFrameworksBuildPhase section */
		E2B90265252B1C1200800808 /* Frameworks */ = {
			isa = PBXFrameworksBuildPhase;
			buildActionMask = 2147483647;
			files = (
			);
			runOnlyForDeploymentPostprocessing = 0;
		};
/* End PBXFrameworksBuildPhase section */

/* Begin PBXGroup section */
		E2B9025F252B1C1200800808 = {
			isa = PBXGroup;
			children = (
				E2B9026A252B1C1200800808 /* Pokemon */,
				E2B90269252B1C1200800808 /* Products */,
			);
			sourceTree = "<group>";
		};
		E2B90269252B1C1200800808 /* Products */ = {
			isa = PBXGroup;
			children = (
				E2B90268252B1C1200800808 /* Pokemon.app */,
			);
			name = Products;
			sourceTree = "<group>";
		};
		E2B9026A252B1C1200800808 /* Pokemon */ = {
			isa = PBXGroup;
			children = (
				E2B9029C252B371000800808 /* View */,
				E2B90295252B358E00800808 /* Networkmanager */,
				E2B90291252B33E000800808 /* Utilites */,
				E2B90288252B1FD600800808 /* Controller */,
				E2B90282252B1E7D00800808 /* Model */,
				E2B9026B252B1C1200800808 /* AppDelegate.swift */,
				E2B9026D252B1C1200800808 /* SceneDelegate.swift */,
				E2B90274252B1C1300800808 /* Assets.xcassets */,
				E2B90276252B1C1300800808 /* LaunchScreen.storyboard */,
				E2B90279252B1C1300800808 /* Info.plist */,
			);
			path = Pokemon;
			sourceTree = "<group>";
		};
		E2B90282252B1E7D00800808 /* Model */ = {
			isa = PBXGroup;
			children = (
				E2B90283252B1EBD00800808 /* Poke.swift */,
			);
			path = Model;
			sourceTree = "<group>";
		};
		E2B90288252B1FD600800808 /* Controller */ = {
			isa = PBXGroup;
			children = (
				E2B9026F252B1C1200800808 /* MainViewController.swift */,
			);
			path = Controller;
			sourceTree = "<group>";
		};
		E2B90291252B33E000800808 /* Utilites */ = {
			isa = PBXGroup;
			children = (
				E2B90292252B34A200800808 /* help.swift */,
			);
			path = Utilites;
			sourceTree = "<group>";
		};
		E2B90295252B358E00800808 /* Networkmanager */ = {
			isa = PBXGroup;
			children = (
				E2B90296252B35F000800808 /* NetworkManager.swift */,
				E2B90299252B363200800808 /* NetworkError.swift */,
			);
			path = Networkmanager;
			sourceTree = "<group>";
		};
		E2B9029C252B371000800808 /* View */ = {
			isa = PBXGroup;
			children = (
				E2B9029D252B372A00800808 /* PokeTableViewCell.swift */,
			);
			path = View;
			sourceTree = "<group>";
		};
/* End PBXGroup section */

/* Begin PBXNativeTarget section */
		E2B90267252B1C1200800808 /* Pokemon */ = {
			isa = PBXNativeTarget;
			buildConfigurationList = E2B9027C252B1C1300800808 /* Build configuration list for PBXNativeTarget "Pokemon" */;
			buildPhases = (
				E2B90264252B1C1200800808 /* Sources */,
				E2B90265252B1C1200800808 /* Frameworks */,
				E2B90266252B1C1200800808 /* Resources */,
			);
			buildRules = (
			);
			dependencies = (
			);
			name = Pokemon;
			productName = Pokemon;
			productReference = E2B90268252B1C1200800808 /* Pokemon.app */;
			productType = "com.apple.product-type.application";
		};
/* End PBXNativeTarget section */

/* Begin PBXProject section */
		E2B90260252B1C1200800808 /* Project object */ = {
			isa = PBXProject;
			attributes = {
				LastSwiftUpdateCheck = 1200;
				LastUpgradeCheck = 1200;
				TargetAttributes = {
					E2B90267252B1C1200800808 = {
						CreatedOnToolsVersion = 12.0.1;
					};
				};
			};
			buildConfigurationList = E2B90263252B1C1200800808 /* Build configuration list for PBXProject "Pokemon" */;
			compatibilityVersion = "Xcode 9.3";
			developmentRegion = en;
			hasScannedForEncodings = 0;
			knownRegions = (
				en,
				Base,
			);
			mainGroup = E2B9025F252B1C1200800808;
			productRefGroup = E2B90269252B1C1200800808 /* Products */;
			projectDirPath = "";
			projectRoot = "";
			targets = (
				E2B90267252B1C1200800808 /* Pokemon */,
			);
		};
/* End PBXProject section */

/* Begin PBXResourcesBuildPhase section */
		E2B90266252B1C1200800808 /* Resources */ = {
			isa = PBXResourcesBuildPhase;
			buildActionMask = 2147483647;
			files = (
				E2B90278252B1C1300800808 /* LaunchScreen.storyboard in Resources */,
				E2B90275252B1C1300800808 /* Assets.xcassets in Resources */,
			);
			runOnlyForDeploymentPostprocessing = 0;
		};
/* End PBXResourcesBuildPhase section */

/* Begin PBXSourcesBuildPhase section */
		E2B90264252B1C1200800808 /* Sources */ = {
			isa = PBXSourcesBuildPhase;
			buildActionMask = 2147483647;
			files = (
				E2B90297252B35F000800808 /* NetworkManager.swift in Sources */,
				E2B9029A252B363200800808 /* NetworkError.swift in Sources */,
				E2B90284252B1EBD00800808 /* Poke.swift in Sources */,
				E2B90270252B1C1200800808 /* MainViewController.swift in Sources */,
				E2B9029E252B372A00800808 /* PokeTableViewCell.swift in Sources */,
				E2B90293252B34A200800808 /* help.swift in Sources */,
				E2B9026C252B1C1200800808 /* AppDelegate.swift in Sources */,
				E2B9026E252B1C1200800808 /* SceneDelegate.swift in Sources */,
			);
			runOnlyForDeploymentPostprocessing = 0;
		};
/* End PBXSourcesBuildPhase section */

/* Begin PBXVariantGroup section */
		E2B90276252B1C1300800808 /* LaunchScreen.storyboard */ = {
			isa = PBXVariantGroup;
			children = (
				E2B90277252B1C1300800808 /* Base */,
			);
			name = LaunchScreen.storyboard;
			sourceTree = "<group>";
		};
/* End PBXVariantGroup section */

/* Begin XCBuildConfiguration section */
		E2B9027A252B1C1300800808 /* Debug */ = {
			isa = XCBuildConfiguration;
			buildSettings = {
				ALWAYS_SEARCH_USER_PATHS = NO;
				CLANG_ANALYZER_NONNULL = YES;
				CLANG_ANALYZER_NUMBER_OBJECT_CONVERSION = YES_AGGRESSIVE;
				CLANG_CXX_LANGUAGE_STANDARD = "gnu++14";
				CLANG_CXX_LIBRARY = "libc++";
				CLANG_ENABLE_MODULES = YES;
				CLANG_ENABLE_OBJC_ARC = YES;
				CLANG_ENABLE_OBJC_WEAK = YES;
				CLANG_WARN_BLOCK_CAPTURE_AUTORELEASING = YES;
				CLANG_WARN_BOOL_CONVERSION = YES;
				CLANG_WARN_COMMA = YES;
				CLANG_WARN_CONSTANT_CONVERSION = YES;
				CLANG_WARN_DEPRECATED_OBJC_IMPLEMENTATIONS = YES;
				CLANG_WARN_DIRECT_OBJC_ISA_USAGE = YES_ERROR;
				CLANG_WARN_DOCUMENTATION_COMMENTS = YES;
				CLANG_WARN_EMPTY_BODY = YES;
				CLANG_WARN_ENUM_CONVERSION = YES;
				CLANG_WARN_INFINITE_RECURSION = YES;
				CLANG_WARN_INT_CONVERSION = YES;
				CLANG_WARN_NON_LITERAL_NULL_CONVERSION = YES;
				CLANG_WARN_OBJC_IMPLICIT_RETAIN_SELF = YES;
				CLANG_WARN_OBJC_LITERAL_CONVERSION = YES;
				CLANG_WARN_OBJC_ROOT_CLASS = YES_ERROR;
				CLANG_WARN_QUOTED_INCLUDE_IN_FRAMEWORK_HEADER = YES;
				CLANG_WARN_RANGE_LOOP_ANALYSIS = YES;
				CLANG_WARN_STRICT_PROTOTYPES = YES;
				CLANG_WARN_SUSPICIOUS_MOVE = YES;
				CLANG_WARN_UNGUARDED_AVAILABILITY = YES_AGGRESSIVE;
				CLANG_WARN_UNREACHABLE_CODE = YES;
				CLANG_WARN__DUPLICATE_METHOD_MATCH = YES;
				COPY_PHASE_STRIP = NO;
				DEBUG_INFORMATION_FORMAT = dwarf;
				ENABLE_STRICT_OBJC_MSGSEND = YES;
				ENABLE_TESTABILITY = YES;
				GCC_C_LANGUAGE_STANDARD = gnu11;
				GCC_DYNAMIC_NO_PIC = NO;
				GCC_NO_COMMON_BLOCKS = YES;
				GCC_OPTIMIZATION_LEVEL = 0;
				GCC_PREPROCESSOR_DEFINITIONS = (
					"DEBUG=1",
					"$(inherited)",
				);
				GCC_WARN_64_TO_32_BIT_CONVERSION = YES;
				GCC_WARN_ABOUT_RETURN_TYPE = YES_ERROR;
				GCC_WARN_UNDECLARED_SELECTOR = YES;
				GCC_WARN_UNINITIALIZED_AUTOS = YES_AGGRESSIVE;
				GCC_WARN_UNUSED_FUNCTION = YES;
				GCC_WARN_UNUSED_VARIABLE = YES;
				IPHONEOS_DEPLOYMENT_TARGET = 14.0;
				MTL_ENABLE_DEBUG_INFO = INCLUDE_SOURCE;
				MTL_FAST_MATH = YES;
				ONLY_ACTIVE_ARCH = YES;
				SDKROOT = iphoneos;
				SWIFT_ACTIVE_COMPILATION_CONDITIONS = DEBUG;
				SWIFT_OPTIMIZATION_LEVEL = "-Onone";
			};
			name = Debug;
		};
		E2B9027B252B1C1300800808 /* Release */ = {
			isa = XCBuildConfiguration;
			buildSettings = {
				ALWAYS_SEARCH_USER_PATHS = NO;
				CLANG_ANALYZER_NONNULL = YES;
				CLANG_ANALYZER_NUMBER_OBJECT_CONVERSION = YES_AGGRESSIVE;
				CLANG_CXX_LANGUAGE_STANDARD = "gnu++14";
				CLANG_CXX_LIBRARY = "libc++";
				CLANG_ENABLE_MODULES = YES;
				CLANG_ENABLE_OBJC_ARC = YES;
				CLANG_ENABLE_OBJC_WEAK = YES;
				CLANG_WARN_BLOCK_CAPTURE_AUTORELEASING = YES;
				CLANG_WARN_BOOL_CONVERSION = YES;
				CLANG_WARN_COMMA = YES;
				CLANG_WARN_CONSTANT_CONVERSION = YES;
				CLANG_WARN_DEPRECATED_OBJC_IMPLEMENTATIONS = YES;
				CLANG_WARN_DIRECT_OBJC_ISA_USAGE = YES_ERROR;
				CLANG_WARN_DOCUMENTATION_COMMENTS = YES;
				CLANG_WARN_EMPTY_BODY = YES;
				CLANG_WARN_ENUM_CONVERSION = YES;
				CLANG_WARN_INFINITE_RECURSION = YES;
				CLANG_WARN_INT_CONVERSION = YES;
				CLANG_WARN_NON_LITERAL_NULL_CONVERSION = YES;
				CLANG_WARN_OBJC_IMPLICIT_RETAIN_SELF = YES;
				CLANG_WARN_OBJC_LITERAL_CONVERSION = YES;
				CLANG_WARN_OBJC_ROOT_CLASS = YES_ERROR;
				CLANG_WARN_QUOTED_INCLUDE_IN_FRAMEWORK_HEADER = YES;
				CLANG_WARN_RANGE_LOOP_ANALYSIS = YES;
				CLANG_WARN_STRICT_PROTOTYPES = YES;
				CLANG_WARN_SUSPICIOUS_MOVE = YES;
				CLANG_WARN_UNGUARDED_AVAILABILITY = YES_AGGRESSIVE;
				CLANG_WARN_UNREACHABLE_CODE = YES;
				CLANG_WARN__DUPLICATE_METHOD_MATCH = YES;
				COPY_PHASE_STRIP = NO;
				DEBUG_INFORMATION_FORMAT = "dwarf-with-dsym";
				ENABLE_NS_ASSERTIONS = NO;
				ENABLE_STRICT_OBJC_MSGSEND = YES;
				GCC_C_LANGUAGE_STANDARD = gnu11;
				GCC_NO_COMMON_BLOCKS = YES;
				GCC_WARN_64_TO_32_BIT_CONVERSION = YES;
				GCC_WARN_ABOUT_RETURN_TYPE = YES_ERROR;
				GCC_WARN_UNDECLARED_SELECTOR = YES;
				GCC_WARN_UNINITIALIZED_AUTOS = YES_AGGRESSIVE;
				GCC_WARN_UNUSED_FUNCTION = YES;
				GCC_WARN_UNUSED_VARIABLE = YES;
				IPHONEOS_DEPLOYMENT_TARGET = 14.0;
				MTL_ENABLE_DEBUG_INFO = NO;
				MTL_FAST_MATH = YES;
				SDKROOT = iphoneos;
				SWIFT_COMPILATION_MODE = wholemodule;
				SWIFT_OPTIMIZATION_LEVEL = "-O";
				VALIDATE_PRODUCT = YES;
			};
			name = Release;
		};
		E2B9027D252B1C1300800808 /* Debug */ = {
			isa = XCBuildConfiguration;
			buildSettings = {
				ASSETCATALOG_COMPILER_APPICON_NAME = AppIcon;
				ASSETCATALOG_COMPILER_GLOBAL_ACCENT_COLOR_NAME = AccentColor;
				CODE_SIGN_STYLE = Automatic;
				INFOPLIST_FILE = Pokemon/Info.plist;
				LD_RUNPATH_SEARCH_PATHS = (
					"$(inherited)",
					"@executable_path/Frameworks",
				);
				PRODUCT_BUNDLE_IDENTIFIER = io.americancoding.Pokemon;
				PRODUCT_NAME = "$(TARGET_NAME)";
				SWIFT_VERSION = 5.0;
				TARGETED_DEVICE_FAMILY = "1,2";
			};
			name = Debug;
		};
		E2B9027E252B1C1300800808 /* Release */ = {
			isa = XCBuildConfiguration;
			buildSettings = {
				ASSETCATALOG_COMPILER_APPICON_NAME = AppIcon;
				ASSETCATALOG_COMPILER_GLOBAL_ACCENT_COLOR_NAME = AccentColor;
				CODE_SIGN_STYLE = Automatic;
				INFOPLIST_FILE = Pokemon/Info.plist;
				LD_RUNPATH_SEARCH_PATHS = (
					"$(inherited)",
					"@executable_path/Frameworks",
				);
				PRODUCT_BUNDLE_IDENTIFIER = io.americancoding.Pokemon;
				PRODUCT_NAME = "$(TARGET_NAME)";
				SWIFT_VERSION = 5.0;
				TARGETED_DEVICE_FAMILY = "1,2";
			};
			name = Release;
		};
/* End XCBuildConfiguration section */

/* Begin XCConfigurationList section */
		E2B90263252B1C1200800808 /* Build configuration list for PBXProject "Pokemon" */ = {
			isa = XCConfigurationList;
			buildConfigurations = (
				E2B9027A252B1C1300800808 /* Debug */,
				E2B9027B252B1C1300800808 /* Release */,
			);
			defaultConfigurationIsVisible = 0;
			defaultConfigurationName = Release;
		};
		E2B9027C252B1C1300800808 /* Build configuration list for PBXNativeTarget "Pokemon" */ = {
			isa = XCConfigurationList;
			buildConfigurations = (
				E2B9027D252B1C1300800808 /* Debug */,
				E2B9027E252B1C1300800808 /* Release */,
			);
			defaultConfigurationIsVisible = 0;
			defaultConfigurationName = Release;
		};
/* End XCConfigurationList section */
	};
	rootObject = E2B90260252B1C1200800808 /* Project object */;
}
